// !$*UTF8*$!
{
	archiveVersion = 1;
	classes = {
	};
	objectVersion = 56;
	objects = {

/* Begin PBXBuildFile section */
		5B2318B628F28811006D8FF9 /* ToyChatApp.swift in Sources */ = {isa = PBXBuildFile; fileRef = 5B2318B528F28811006D8FF9 /* ToyChatApp.swift */; };
		5B2318B828F28811006D8FF9 /* ContentView.swift in Sources */ = {isa = PBXBuildFile; fileRef = 5B2318B728F28811006D8FF9 /* ContentView.swift */; };
		5B2318BA28F28813006D8FF9 /* Assets.xcassets in Resources */ = {isa = PBXBuildFile; fileRef = 5B2318B928F28813006D8FF9 /* Assets.xcassets */; };
		5B2318BD28F28813006D8FF9 /* Preview Assets.xcassets in Resources */ = {isa = PBXBuildFile; fileRef = 5B2318BC28F28813006D8FF9 /* Preview Assets.xcassets */; };
		5B2318C528F28BAB006D8FF9 /* TitleRow.swift in Sources */ = {isa = PBXBuildFile; fileRef = 5B2318C428F28BAB006D8FF9 /* TitleRow.swift */; };
		5B2318C828F290FC006D8FF9 /* Message.swift in Sources */ = {isa = PBXBuildFile; fileRef = 5B2318C728F290FC006D8FF9 /* Message.swift */; };
		5B2318CA28F2916A006D8FF9 /* MessageBubble.swift in Sources */ = {isa = PBXBuildFile; fileRef = 5B2318C928F2916A006D8FF9 /* MessageBubble.swift */; };
		5B2318CC28F29726006D8FF9 /* Extensions.swift in Sources */ = {isa = PBXBuildFile; fileRef = 5B2318CB28F29726006D8FF9 /* Extensions.swift */; };
		5B2318CE28F29C44006D8FF9 /* MessageField.swift in Sources */ = {isa = PBXBuildFile; fileRef = 5B2318CD28F29C44006D8FF9 /* MessageField.swift */; };
/* End PBXBuildFile section */

/* Begin PBXFileReference section */
		5B2318B228F28811006D8FF9 /* ToyChat.app */ = {isa = PBXFileReference; explicitFileType = wrapper.application; includeInIndex = 0; path = ToyChat.app; sourceTree = BUILT_PRODUCTS_DIR; };
		5B2318B528F28811006D8FF9 /* ToyChatApp.swift */ = {isa = PBXFileReference; lastKnownFileType = sourcecode.swift; path = ToyChatApp.swift; sourceTree = "<group>"; };
		5B2318B728F28811006D8FF9 /* ContentView.swift */ = {isa = PBXFileReference; lastKnownFileType = sourcecode.swift; path = ContentView.swift; sourceTree = "<group>"; };
		5B2318B928F28813006D8FF9 /* Assets.xcassets */ = {isa = PBXFileReference; lastKnownFileType = folder.assetcatalog; path = Assets.xcassets; sourceTree = "<group>"; };
		5B2318BC28F28813006D8FF9 /* Preview Assets.xcassets */ = {isa = PBXFileReference; lastKnownFileType = folder.assetcatalog; path = "Preview Assets.xcassets"; sourceTree = "<group>"; };
		5B2318C428F28BAB006D8FF9 /* TitleRow.swift */ = {isa = PBXFileReference; lastKnownFileType = sourcecode.swift; path = TitleRow.swift; sourceTree = "<group>"; };
		5B2318C728F290FC006D8FF9 /* Message.swift */ = {isa = PBXFileReference; lastKnownFileType = sourcecode.swift; path = Message.swift; sourceTree = "<group>"; };
		5B2318C928F2916A006D8FF9 /* MessageBubble.swift */ = {isa = PBXFileReference; lastKnownFileType = sourcecode.swift; path = MessageBubble.swift; sourceTree = "<group>"; };
		5B2318CB28F29726006D8FF9 /* Extensions.swift */ = {isa = PBXFileReference; lastKnownFileType = sourcecode.swift; path = Extensions.swift; sourceTree = "<group>"; };
		5B2318CD28F29C44006D8FF9 /* MessageField.swift */ = {isa = PBXFileReference; lastKnownFileType = sourcecode.swift; path = MessageField.swift; sourceTree = "<group>"; };
/* End PBXFileReference section */

/* Begin PBXFrameworksBuildPhase section */
		5B2318AF28F28811006D8FF9 /* Frameworks */ = {
			isa = PBXFrameworksBuildPhase;
			buildActionMask = 2147483647;
			files = (
			);
			runOnlyForDeploymentPostprocessing = 0;
		};
/* End PBXFrameworksBuildPhase section */

/* Begin PBXGroup section */
		5B2318A928F28811006D8FF9 = {
			isa = PBXGroup;
			children = (
				5B2318B428F28811006D8FF9 /* ToyChat */,
				5B2318B328F28811006D8FF9 /* Products */,
			);
			sourceTree = "<group>";
		};
		5B2318B328F28811006D8FF9 /* Products */ = {
			isa = PBXGroup;
			children = (
				5B2318B228F28811006D8FF9 /* ToyChat.app */,
			);
			name = Products;
			sourceTree = "<group>";
		};
		5B2318B428F28811006D8FF9 /* ToyChat */ = {
			isa = PBXGroup;
			children = (
				5B2318C628F290E1006D8FF9 /* Models */,
				5B2318B528F28811006D8FF9 /* ToyChatApp.swift */,
				5B2318B728F28811006D8FF9 /* ContentView.swift */,
				5B2318C328F28B92006D8FF9 /* Components */,
				5B2318B928F28813006D8FF9 /* Assets.xcassets */,
				5B2318BB28F28813006D8FF9 /* Preview Content */,
				5B2318CB28F29726006D8FF9 /* Extensions.swift */,
			);
			path = ToyChat;
			sourceTree = "<group>";
		};
		5B2318BB28F28813006D8FF9 /* Preview Content */ = {
			isa = PBXGroup;
			children = (
				5B2318BC28F28813006D8FF9 /* Preview Assets.xcassets */,
			);
			path = "Preview Content";
			sourceTree = "<group>";
		};
		5B2318C328F28B92006D8FF9 /* Components */ = {
			isa = PBXGroup;
			children = (
				5B2318C428F28BAB006D8FF9 /* TitleRow.swift */,
				5B2318C928F2916A006D8FF9 /* MessageBubble.swift */,
				5B2318CD28F29C44006D8FF9 /* MessageField.swift */,
			);
			path = Components;
			sourceTree = "<group>";
		};
		5B2318C628F290E1006D8FF9 /* Models */ = {
			isa = PBXGroup;
			children = (
				5B2318C728F290FC006D8FF9 /* Message.swift */,
			);
			path = Models;
			sourceTree = "<group>";
		};
/* End PBXGroup section */

/* Begin PBXNativeTarget section */
		5B2318B128F28811006D8FF9 /* ToyChat */ = {
			isa = PBXNativeTarget;
			buildConfigurationList = 5B2318C028F28813006D8FF9 /* Build configuration list for PBXNativeTarget "ToyChat" */;
			buildPhases = (
				5B2318AE28F28811006D8FF9 /* Sources */,
				5B2318AF28F28811006D8FF9 /* Frameworks */,
				5B2318B028F28811006D8FF9 /* Resources */,
			);
			buildRules = (
			);
			dependencies = (
			);
			name = ToyChat;
			productName = ToyChat;
			productReference = 5B2318B228F28811006D8FF9 /* ToyChat.app */;
			productType = "com.apple.product-type.application";
		};
/* End PBXNativeTarget section */

/* Begin PBXProject section */
		5B2318AA28F28811006D8FF9 /* Project object */ = {
			isa = PBXProject;
			attributes = {
				BuildIndependentTargetsInParallel = 1;
				LastSwiftUpdateCheck = 1400;
				LastUpgradeCheck = 1400;
				TargetAttributes = {
					5B2318B128F28811006D8FF9 = {
						CreatedOnToolsVersion = 14.0.1;
					};
				};
			};
			buildConfigurationList = 5B2318AD28F28811006D8FF9 /* Build configuration list for PBXProject "ToyChat" */;
			compatibilityVersion = "Xcode 14.0";
			developmentRegion = en;
			hasScannedForEncodings = 0;
			knownRegions = (
				en,
				Base,
			);
			mainGroup = 5B2318A928F28811006D8FF9;
			productRefGroup = 5B2318B328F28811006D8FF9 /* Products */;
			projectDirPath = "";
			projectRoot = "";
			targets = (
				5B2318B128F28811006D8FF9 /* ToyChat */,
			);
		};
/* End PBXProject section */

/* Begin PBXResourcesBuildPhase section */
		5B2318B028F28811006D8FF9 /* Resources */ = {
			isa = PBXResourcesBuildPhase;
			buildActionMask = 2147483647;
			files = (
				5B2318BD28F28813006D8FF9 /* Preview Assets.xcassets in Resources */,
				5B2318BA28F28813006D8FF9 /* Assets.xcassets in Resources */,
			);
			runOnlyForDeploymentPostprocessing = 0;
		};
/* End PBXResourcesBuildPhase section */

/* Begin PBXSourcesBuildPhase section */
		5B2318AE28F28811006D8FF9 /* Sources */ = {
			isa = PBXSourcesBuildPhase;
			buildActionMask = 2147483647;
			files = (
				5B2318B828F28811006D8FF9 /* ContentView.swift in Sources */,
				5B2318CC28F29726006D8FF9 /* Extensions.swift in Sources */,
				5B2318C828F290FC006D8FF9 /* Message.swift in Sources */,
				5B2318CE28F29C44006D8FF9 /* MessageField.swift in Sources */,
				5B2318CA28F2916A006D8FF9 /* MessageBubble.swift in Sources */,
				5B2318B628F28811006D8FF9 /* ToyChatApp.swift in Sources */,
				5B2318C528F28BAB006D8FF9 /* TitleRow.swift in Sources */,
			);
			runOnlyForDeploymentPostprocessing = 0;
		};
/* End PBXSourcesBuildPhase section */

/* Begin XCBuildConfiguration section */
		5B2318BE28F28813006D8FF9 /* Debug */ = {
			isa = XCBuildConfiguration;
			buildSettings = {
				ALWAYS_SEARCH_USER_PATHS = NO;
				CLANG_ANALYZER_NONNULL = YES;
				CLANG_ANALYZER_NUMBER_OBJECT_CONVERSION = YES_AGGRESSIVE;
				CLANG_CXX_LANGUAGE_STANDARD = "gnu++20";
				CLANG_ENABLE_MODULES = YES;
				CLANG_ENABLE_OBJC_ARC = YES;
				CLANG_ENABLE_OBJC_WEAK = YES;
				CLANG_WARN_BLOCK_CAPTURE_AUTORELEASING = YES;
				CLANG_WARN_BOOL_CONVERSION = YES;
				CLANG_WARN_COMMA = YES;
				CLANG_WARN_CONSTANT_CONVERSION = YES;
				CLANG_WARN_DEPRECATED_OBJC_IMPLEMENTATIONS = YES;
				CLANG_WARN_DIRECT_OBJC_ISA_USAGE = YES_ERROR;
				CLANG_WARN_DOCUMENTATION_COMMENTS = YES;
				CLANG_WARN_EMPTY_BODY = YES;
				CLANG_WARN_ENUM_CONVERSION = YES;
				CLANG_WARN_INFINITE_RECURSION = YES;
				CLANG_WARN_INT_CONVERSION = YES;
				CLANG_WARN_NON_LITERAL_NULL_CONVERSION = YES;
				CLANG_WARN_OBJC_IMPLICIT_RETAIN_SELF = YES;
				CLANG_WARN_OBJC_LITERAL_CONVERSION = YES;
				CLANG_WARN_OBJC_ROOT_CLASS = YES_ERROR;
				CLANG_WARN_QUOTED_INCLUDE_IN_FRAMEWORK_HEADER = YES;
				CLANG_WARN_RANGE_LOOP_ANALYSIS = YES;
				CLANG_WARN_STRICT_PROTOTYPES = YES;
				CLANG_WARN_SUSPICIOUS_MOVE = YES;
				CLANG_WARN_UNGUARDED_AVAILABILITY = YES_AGGRESSIVE;
				CLANG_WARN_UNREACHABLE_CODE = YES;
				CLANG_WARN__DUPLICATE_METHOD_MATCH = YES;
				COPY_PHASE_STRIP = NO;
				DEBUG_INFORMATION_FORMAT = dwarf;
				ENABLE_STRICT_OBJC_MSGSEND = YES;
				ENABLE_TESTABILITY = YES;
				GCC_C_LANGUAGE_STANDARD = gnu11;
				GCC_DYNAMIC_NO_PIC = NO;
				GCC_NO_COMMON_BLOCKS = YES;
				GCC_OPTIMIZATION_LEVEL = 0;
				GCC_PREPROCESSOR_DEFINITIONS = (
					"DEBUG=1",
					"$(inherited)",
				);
				GCC_WARN_64_TO_32_BIT_CONVERSION = YES;
				GCC_WARN_ABOUT_RETURN_TYPE = YES_ERROR;
				GCC_WARN_UNDECLARED_SELECTOR = YES;
				GCC_WARN_UNINITIALIZED_AUTOS = YES_AGGRESSIVE;
				GCC_WARN_UNUSED_FUNCTION = YES;
				GCC_WARN_UNUSED_VARIABLE = YES;
				IPHONEOS_DEPLOYMENT_TARGET = 16.0;
				MTL_ENABLE_DEBUG_INFO = INCLUDE_SOURCE;
				MTL_FAST_MATH = YES;
				ONLY_ACTIVE_ARCH = YES;
				SDKROOT = iphoneos;
				SWIFT_ACTIVE_COMPILATION_CONDITIONS = DEBUG;
				SWIFT_OPTIMIZATION_LEVEL = "-Onone";
			};
			name = Debug;
		};
		5B2318BF28F28813006D8FF9 /* Release */ = {
			isa = XCBuildConfiguration;
			buildSettings = {
				ALWAYS_SEARCH_USER_PATHS = NO;
				CLANG_ANALYZER_NONNULL = YES;
				CLANG_ANALYZER_NUMBER_OBJECT_CONVERSION = YES_AGGRESSIVE;
				CLANG_CXX_LANGUAGE_STANDARD = "gnu++20";
				CLANG_ENABLE_MODULES = YES;
				CLANG_ENABLE_OBJC_ARC = YES;
				CLANG_ENABLE_OBJC_WEAK = YES;
				CLANG_WARN_BLOCK_CAPTURE_AUTORELEASING = YES;
				CLANG_WARN_BOOL_CONVERSION = YES;
				CLANG_WARN_COMMA = YES;
				CLANG_WARN_CONSTANT_CONVERSION = YES;
				CLANG_WARN_DEPRECATED_OBJC_IMPLEMENTATIONS = YES;
				CLANG_WARN_DIRECT_OBJC_ISA_USAGE = YES_ERROR;
				CLANG_WARN_DOCUMENTATION_COMMENTS = YES;
				CLANG_WARN_EMPTY_BODY = YES;
				CLANG_WARN_ENUM_CONVERSION = YES;
				CLANG_WARN_INFINITE_RECURSION = YES;
				CLANG_WARN_INT_CONVERSION = YES;
				CLANG_WARN_NON_LITERAL_NULL_CONVERSION = YES;
				CLANG_WARN_OBJC_IMPLICIT_RETAIN_SELF = YES;
				CLANG_WARN_OBJC_LITERAL_CONVERSION = YES;
				CLANG_WARN_OBJC_ROOT_CLASS = YES_ERROR;
				CLANG_WARN_QUOTED_INCLUDE_IN_FRAMEWORK_HEADER = YES;
				CLANG_WARN_RANGE_LOOP_ANALYSIS = YES;
				CLANG_WARN_STRICT_PROTOTYPES = YES;
				CLANG_WARN_SUSPICIOUS_MOVE = YES;
				CLANG_WARN_UNGUARDED_AVAILABILITY = YES_AGGRESSIVE;
				CLANG_WARN_UNREACHABLE_CODE = YES;
				CLANG_WARN__DUPLICATE_METHOD_MATCH = YES;
				COPY_PHASE_STRIP = NO;
				DEBUG_INFORMATION_FORMAT = "dwarf-with-dsym";
				ENABLE_NS_ASSERTIONS = NO;
				ENABLE_STRICT_OBJC_MSGSEND = YES;
				GCC_C_LANGUAGE_STANDARD = gnu11;
				GCC_NO_COMMON_BLOCKS = YES;
				GCC_WARN_64_TO_32_BIT_CONVERSION = YES;
				GCC_WARN_ABOUT_RETURN_TYPE = YES_ERROR;
				GCC_WARN_UNDECLARED_SELECTOR = YES;
				GCC_WARN_UNINITIALIZED_AUTOS = YES_AGGRESSIVE;
				GCC_WARN_UNUSED_FUNCTION = YES;
				GCC_WARN_UNUSED_VARIABLE = YES;
				IPHONEOS_DEPLOYMENT_TARGET = 16.0;
				MTL_ENABLE_DEBUG_INFO = NO;
				MTL_FAST_MATH = YES;
				SDKROOT = iphoneos;
				SWIFT_COMPILATION_MODE = wholemodule;
				SWIFT_OPTIMIZATION_LEVEL = "-O";
				VALIDATE_PRODUCT = YES;
			};
			name = Release;
		};
		5B2318C128F28813006D8FF9 /* Debug */ = {
			isa = XCBuildConfiguration;
			buildSettings = {
				ASSETCATALOG_COMPILER_APPICON_NAME = AppIcon;
				ASSETCATALOG_COMPILER_GLOBAL_ACCENT_COLOR_NAME = AccentColor;
				CODE_SIGN_STYLE = Automatic;
				CURRENT_PROJECT_VERSION = 1;
				DEVELOPMENT_ASSET_PATHS = "\"ToyChat/Preview Content\"";
				DEVELOPMENT_TEAM = 3P68S4MN54;
				ENABLE_PREVIEWS = YES;
				GENERATE_INFOPLIST_FILE = YES;
				INFOPLIST_KEY_UIApplicationSceneManifest_Generation = YES;
				INFOPLIST_KEY_UIApplicationSupportsIndirectInputEvents = YES;
				INFOPLIST_KEY_UILaunchScreen_Generation = YES;
				INFOPLIST_KEY_UISupportedInterfaceOrientations_iPad = "UIInterfaceOrientationPortrait UIInterfaceOrientationPortraitUpsideDown UIInterfaceOrientationLandscapeLeft UIInterfaceOrientationLandscapeRight";
				INFOPLIST_KEY_UISupportedInterfaceOrientations_iPhone = "UIInterfaceOrientationPortrait UIInterfaceOrientationLandscapeLeft UIInterfaceOrientationLandscapeRight";
				LD_RUNPATH_SEARCH_PATHS = (
					"$(inherited)",
					"@executable_path/Frameworks",
				);
				MARKETING_VERSION = 1.0;
				PRODUCT_BUNDLE_IDENTIFIER = page.chillog.ToyChat;
				PRODUCT_NAME = "$(TARGET_NAME)";
				SWIFT_EMIT_LOC_STRINGS = YES;
				SWIFT_VERSION = 5.0;
				TARGETED_DEVICE_FAMILY = "1,2";
			};
			name = Debug;
		};
		5B2318C228F28813006D8FF9 /* Release */ = {
			isa = XCBuildConfiguration;
			buildSettings = {
				ASSETCATALOG_COMPILER_APPICON_NAME = AppIcon;
				ASSETCATALOG_COMPILER_GLOBAL_ACCENT_COLOR_NAME = AccentColor;
				CODE_SIGN_STYLE = Automatic;
				CURRENT_PROJECT_VERSION = 1;
				DEVELOPMENT_ASSET_PATHS = "\"ToyChat/Preview Content\"";
				DEVELOPMENT_TEAM = 3P68S4MN54;
				ENABLE_PREVIEWS = YES;
				GENERATE_INFOPLIST_FILE = YES;
				INFOPLIST_KEY_UIApplicationSceneManifest_Generation = YES;
				INFOPLIST_KEY_UIApplicationSupportsIndirectInputEvents = YES;
				INFOPLIST_KEY_UILaunchScreen_Generation = YES;
				INFOPLIST_KEY_UISupportedInterfaceOrientations_iPad = "UIInterfaceOrientationPortrait UIInterfaceOrientationPortraitUpsideDown UIInterfaceOrientationLandscapeLeft UIInterfaceOrientationLandscapeRight";
				INFOPLIST_KEY_UISupportedInterfaceOrientations_iPhone = "UIInterfaceOrientationPortrait UIInterfaceOrientationLandscapeLeft UIInterfaceOrientationLandscapeRight";
				LD_RUNPATH_SEARCH_PATHS = (
					"$(inherited)",
					"@executable_path/Frameworks",
				);
				MARKETING_VERSION = 1.0;
				PRODUCT_BUNDLE_IDENTIFIER = page.chillog.ToyChat;
				PRODUCT_NAME = "$(TARGET_NAME)";
				SWIFT_EMIT_LOC_STRINGS = YES;
				SWIFT_VERSION = 5.0;
				TARGETED_DEVICE_FAMILY = "1,2";
			};
			name = Release;
		};
/* End XCBuildConfiguration section */

/* Begin XCConfigurationList section */
		5B2318AD28F28811006D8FF9 /* Build configuration list for PBXProject "ToyChat" */ = {
			isa = XCConfigurationList;
			buildConfigurations = (
				5B2318BE28F28813006D8FF9 /* Debug */,
				5B2318BF28F28813006D8FF9 /* Release */,
			);
			defaultConfigurationIsVisible = 0;
			defaultConfigurationName = Release;
		};
		5B2318C028F28813006D8FF9 /* Build configuration list for PBXNativeTarget "ToyChat" */ = {
			isa = XCConfigurationList;
			buildConfigurations = (
				5B2318C128F28813006D8FF9 /* Debug */,
				5B2318C228F28813006D8FF9 /* Release */,
			);
			defaultConfigurationIsVisible = 0;
			defaultConfigurationName = Release;
		};
/* End XCConfigurationList section */
	};
	rootObject = 5B2318AA28F28811006D8FF9 /* Project object */;
}
